<?xml version="1.0" encoding="utf-8"?>
<Project ToolsVersion="4.0" xmlns="http://schemas.microsoft.com/developer/msbuild/2003">
  <ItemGroup>
    <ClCompile Include="main.cpp">
      <Filter>Source Files</Filter>
    </ClCompile>
    <ClCompile Include="MyFakeLogger.cpp">
      <Filter>Source Files</Filter>
    </ClCompile>
    <ClCompile Include="MyLoggerInterface.cpp">
      <Filter>Source Files</Filter>
    </ClCompile>
    <ClCompile Include="stdafx.cpp">
      <Filter>Source Files</Filter>
    </ClCompile>
  </ItemGroup>
  <ItemGroup>
    <ClInclude Include="MyLoggerInterface.h">
      <Filter>Header Files</Filter>
    </ClInclude>
    <ClInclude Include="MyFakeLogger.h">
      <Filter>Header Files</Filter>
    </ClInclude>
    <ClInclude Include="stdafx.h">
      <Filter>Header Files</Filter>
    </ClInclude>
    <ClInclude Include="targetver.h">
      <Filter>Header Files</Filter>
    </ClInclude>
    <ClInclude Include="..\Common\JsonFormatter.h">
      <Filter>Header Files</Filter>
    </ClInclude>
    <ClInclude Include="..\Common\JsonParser.h">
      <Filter>Header Files</Filter>
    </ClInclude>
    <ClInclude Include="..\Common\ValuesFromSpec.h">
      <Filter>Header Files</Filter>
    </ClInclude>
    <ClInclude Include="..\Common\CrossPlatform.h">
      <Filter>Header Files</Filter>
    </ClInclude>
    <ClInclude Include="..\ServerLib\LoggerIf.h">
      <Filter>Header Files</Filter>
    </ClInclude>
    <ClInclude Include="..\ServerLib\Daq.h">
      <Filter>Header Files</Filter>
    </ClInclude>
    <ClInclude Include="..\ServerLib\EventQueue.h">
      <Filter>Header Files</Filter>
    </ClInclude>
    <ClInclude Include="..\HttpServerLib\HttpServer.h">
      <Filter>Header Files</Filter>
    </ClInclude>
    <ClInclude Include="..\ServerLib\Session.h">
      <Filter>Header Files</Filter>
    </ClInclude>
    <ClInclude Include="..\ServerLib\VarRef.h">
      <Filter>Header Files</Filter>
    </ClInclude>
  </ItemGroup>
  <ItemGroup>
    <None Include="..\Common\_revision.txt" />
  </ItemGroup>
  <ItemGroup>
    <Filter Include="Header Files">
      <UniqueIdentifier>{81c673a4-2a3c-4def-95e3-808f367aee39}</UniqueIdentifier>
    </Filter>
    <Filter Include="Resource Files">
      <UniqueIdentifier>{e18da1d9-cb0d-4a38-8705-c8af6a95e8a4}</UniqueIdentifier>
    </Filter>
    <Filter Include="Source Files">
      <UniqueIdentifier>{ce4b8c20-c662-43d0-a677-293cf6681047}</UniqueIdentifier>
    </Filter>
  </ItemGroup>
</Project>